// !$*UTF8*$!
{
	archiveVersion = 1;
	classes = {
	};
	objectVersion = 55;
	objects = {

/* Begin PBXBuildFile section */
		8B46B924283B371D0094DA17 /* Spotify_CloneApp.swift in Sources */ = {isa = PBXBuildFile; fileRef = 8B46B923283B371D0094DA17 /* Spotify_CloneApp.swift */; };
		8B46B926283B371D0094DA17 /* ContentView.swift in Sources */ = {isa = PBXBuildFile; fileRef = 8B46B925283B371D0094DA17 /* ContentView.swift */; };
		8B46B928283B371D0094DA17 /* Assets.xcassets in Resources */ = {isa = PBXBuildFile; fileRef = 8B46B927283B371D0094DA17 /* Assets.xcassets */; };
		8B46B92B283B371D0094DA17 /* Preview Assets.xcassets in Resources */ = {isa = PBXBuildFile; fileRef = 8B46B92A283B371D0094DA17 /* Preview Assets.xcassets */; };
		8B46B935283B371E0094DA17 /* Spotify_CloneTests.swift in Sources */ = {isa = PBXBuildFile; fileRef = 8B46B934283B371E0094DA17 /* Spotify_CloneTests.swift */; };
		8B46B93F283B371E0094DA17 /* Spotify_CloneUITests.swift in Sources */ = {isa = PBXBuildFile; fileRef = 8B46B93E283B371E0094DA17 /* Spotify_CloneUITests.swift */; };
		8B46B941283B371E0094DA17 /* Spotify_CloneUITestsLaunchTests.swift in Sources */ = {isa = PBXBuildFile; fileRef = 8B46B940283B371E0094DA17 /* Spotify_CloneUITestsLaunchTests.swift */; };
		8B46B94E283B39CF0094DA17 /* TabBar.swift in Sources */ = {isa = PBXBuildFile; fileRef = 8B46B94D283B39CF0094DA17 /* TabBar.swift */; };
/* End PBXBuildFile section */

/* Begin PBXContainerItemProxy section */
		8B46B931283B371E0094DA17 /* PBXContainerItemProxy */ = {
			isa = PBXContainerItemProxy;
			containerPortal = 8B46B918283B371D0094DA17 /* Project object */;
			proxyType = 1;
			remoteGlobalIDString = 8B46B91F283B371D0094DA17;
			remoteInfo = Spotify_Clone;
		};
		8B46B93B283B371E0094DA17 /* PBXContainerItemProxy */ = {
			isa = PBXContainerItemProxy;
			containerPortal = 8B46B918283B371D0094DA17 /* Project object */;
			proxyType = 1;
			remoteGlobalIDString = 8B46B91F283B371D0094DA17;
			remoteInfo = Spotify_Clone;
		};
/* End PBXContainerItemProxy section */

/* Begin PBXFileReference section */
		8B46B920283B371D0094DA17 /* Spotify_Clone.app */ = {isa = PBXFileReference; explicitFileType = wrapper.application; includeInIndex = 0; path = Spotify_Clone.app; sourceTree = BUILT_PRODUCTS_DIR; };
		8B46B923283B371D0094DA17 /* Spotify_CloneApp.swift */ = {isa = PBXFileReference; lastKnownFileType = sourcecode.swift; path = Spotify_CloneApp.swift; sourceTree = "<group>"; };
		8B46B925283B371D0094DA17 /* ContentView.swift */ = {isa = PBXFileReference; lastKnownFileType = sourcecode.swift; path = ContentView.swift; sourceTree = "<group>"; };
		8B46B927283B371D0094DA17 /* Assets.xcassets */ = {isa = PBXFileReference; lastKnownFileType = folder.assetcatalog; path = Assets.xcassets; sourceTree = "<group>"; };
		8B46B92A283B371D0094DA17 /* Preview Assets.xcassets */ = {isa = PBXFileReference; lastKnownFileType = folder.assetcatalog; path = "Preview Assets.xcassets"; sourceTree = "<group>"; };
		8B46B930283B371E0094DA17 /* Spotify_CloneTests.xctest */ = {isa = PBXFileReference; explicitFileType = wrapper.cfbundle; includeInIndex = 0; path = Spotify_CloneTests.xctest; sourceTree = BUILT_PRODUCTS_DIR; };
		8B46B934283B371E0094DA17 /* Spotify_CloneTests.swift */ = {isa = PBXFileReference; lastKnownFileType = sourcecode.swift; path = Spotify_CloneTests.swift; sourceTree = "<group>"; };
		8B46B93A283B371E0094DA17 /* Spotify_CloneUITests.xctest */ = {isa = PBXFileReference; explicitFileType = wrapper.cfbundle; includeInIndex = 0; path = Spotify_CloneUITests.xctest; sourceTree = BUILT_PRODUCTS_DIR; };
		8B46B93E283B371E0094DA17 /* Spotify_CloneUITests.swift */ = {isa = PBXFileReference; lastKnownFileType = sourcecode.swift; path = Spotify_CloneUITests.swift; sourceTree = "<group>"; };
		8B46B940283B371E0094DA17 /* Spotify_CloneUITestsLaunchTests.swift */ = {isa = PBXFileReference; lastKnownFileType = sourcecode.swift; path = Spotify_CloneUITestsLaunchTests.swift; sourceTree = "<group>"; };
		8B46B94D283B39CF0094DA17 /* TabBar.swift */ = {isa = PBXFileReference; lastKnownFileType = sourcecode.swift; path = TabBar.swift; sourceTree = "<group>"; };
/* End PBXFileReference section */

/* Begin PBXFrameworksBuildPhase section */
		8B46B91D283B371D0094DA17 /* Frameworks */ = {
			isa = PBXFrameworksBuildPhase;
			buildActionMask = 2147483647;
			files = (
			);
			runOnlyForDeploymentPostprocessing = 0;
		};
		8B46B92D283B371E0094DA17 /* Frameworks */ = {
			isa = PBXFrameworksBuildPhase;
			buildActionMask = 2147483647;
			files = (
			);
			runOnlyForDeploymentPostprocessing = 0;
		};
		8B46B937283B371E0094DA17 /* Frameworks */ = {
			isa = PBXFrameworksBuildPhase;
			buildActionMask = 2147483647;
			files = (
			);
			runOnlyForDeploymentPostprocessing = 0;
		};
/* End PBXFrameworksBuildPhase section */

/* Begin PBXGroup section */
		8B46B917283B371D0094DA17 = {
			isa = PBXGroup;
			children = (
				8B46B922283B371D0094DA17 /* Spotify_Clone */,
				8B46B933283B371E0094DA17 /* Spotify_CloneTests */,
				8B46B93D283B371E0094DA17 /* Spotify_CloneUITests */,
				8B46B921283B371D0094DA17 /* Products */,
			);
			sourceTree = "<group>";
		};
		8B46B921283B371D0094DA17 /* Products */ = {
			isa = PBXGroup;
			children = (
				8B46B920283B371D0094DA17 /* Spotify_Clone.app */,
				8B46B930283B371E0094DA17 /* Spotify_CloneTests.xctest */,
				8B46B93A283B371E0094DA17 /* Spotify_CloneUITests.xctest */,
			);
			name = Products;
			sourceTree = "<group>";
		};
		8B46B922283B371D0094DA17 /* Spotify_Clone */ = {
			isa = PBXGroup;
			children = (
				8B46B923283B371D0094DA17 /* Spotify_CloneApp.swift */,
				8B46B925283B371D0094DA17 /* ContentView.swift */,
				8B46B94D283B39CF0094DA17 /* TabBar.swift */,
				8B46B927283B371D0094DA17 /* Assets.xcassets */,
				8B46B929283B371D0094DA17 /* Preview Content */,
			);
			path = Spotify_Clone;
			sourceTree = "<group>";
		};
		8B46B929283B371D0094DA17 /* Preview Content */ = {
			isa = PBXGroup;
			children = (
				8B46B92A283B371D0094DA17 /* Preview Assets.xcassets */,
			);
			path = "Preview Content";
			sourceTree = "<group>";
		};
		8B46B933283B371E0094DA17 /* Spotify_CloneTests */ = {
			isa = PBXGroup;
			children = (
				8B46B934283B371E0094DA17 /* Spotify_CloneTests.swift */,
			);
			path = Spotify_CloneTests;
			sourceTree = "<group>";
		};
		8B46B93D283B371E0094DA17 /* Spotify_CloneUITests */ = {
			isa = PBXGroup;
			children = (
				8B46B93E283B371E0094DA17 /* Spotify_CloneUITests.swift */,
				8B46B940283B371E0094DA17 /* Spotify_CloneUITestsLaunchTests.swift */,
			);
			path = Spotify_CloneUITests;
			sourceTree = "<group>";
		};
/* End PBXGroup section */

/* Begin PBXNativeTarget section */
		8B46B91F283B371D0094DA17 /* Spotify_Clone */ = {
			isa = PBXNativeTarget;
			buildConfigurationList = 8B46B944283B371E0094DA17 /* Build configuration list for PBXNativeTarget "Spotify_Clone" */;
			buildPhases = (
				8B46B91C283B371D0094DA17 /* Sources */,
				8B46B91D283B371D0094DA17 /* Frameworks */,
				8B46B91E283B371D0094DA17 /* Resources */,
			);
			buildRules = (
			);
			dependencies = (
			);
			name = Spotify_Clone;
			productName = Spotify_Clone;
			productReference = 8B46B920283B371D0094DA17 /* Spotify_Clone.app */;
			productType = "com.apple.product-type.application";
		};
		8B46B92F283B371E0094DA17 /* Spotify_CloneTests */ = {
			isa = PBXNativeTarget;
			buildConfigurationList = 8B46B947283B371E0094DA17 /* Build configuration list for PBXNativeTarget "Spotify_CloneTests" */;
			buildPhases = (
				8B46B92C283B371E0094DA17 /* Sources */,
				8B46B92D283B371E0094DA17 /* Frameworks */,
				8B46B92E283B371E0094DA17 /* Resources */,
			);
			buildRules = (
			);
			dependencies = (
				8B46B932283B371E0094DA17 /* PBXTargetDependency */,
			);
			name = Spotify_CloneTests;
			productName = Spotify_CloneTests;
			productReference = 8B46B930283B371E0094DA17 /* Spotify_CloneTests.xctest */;
			productType = "com.apple.product-type.bundle.unit-test";
		};
		8B46B939283B371E0094DA17 /* Spotify_CloneUITests */ = {
			isa = PBXNativeTarget;
			buildConfigurationList = 8B46B94A283B371E0094DA17 /* Build configuration list for PBXNativeTarget "Spotify_CloneUITests" */;
			buildPhases = (
				8B46B936283B371E0094DA17 /* Sources */,
				8B46B937283B371E0094DA17 /* Frameworks */,
				8B46B938283B371E0094DA17 /* Resources */,
			);
			buildRules = (
			);
			dependencies = (
				8B46B93C283B371E0094DA17 /* PBXTargetDependency */,
			);
			name = Spotify_CloneUITests;
			productName = Spotify_CloneUITests;
			productReference = 8B46B93A283B371E0094DA17 /* Spotify_CloneUITests.xctest */;
			productType = "com.apple.product-type.bundle.ui-testing";
		};
/* End PBXNativeTarget section */

/* Begin PBXProject section */
		8B46B918283B371D0094DA17 /* Project object */ = {
			isa = PBXProject;
			attributes = {
				BuildIndependentTargetsInParallel = 1;
				LastSwiftUpdateCheck = 1330;
				LastUpgradeCheck = 1330;
				TargetAttributes = {
					8B46B91F283B371D0094DA17 = {
						CreatedOnToolsVersion = 13.3;
					};
					8B46B92F283B371E0094DA17 = {
						CreatedOnToolsVersion = 13.3;
						TestTargetID = 8B46B91F283B371D0094DA17;
					};
					8B46B939283B371E0094DA17 = {
						CreatedOnToolsVersion = 13.3;
						TestTargetID = 8B46B91F283B371D0094DA17;
					};
				};
			};
			buildConfigurationList = 8B46B91B283B371D0094DA17 /* Build configuration list for PBXProject "Spotify_Clone" */;
			compatibilityVersion = "Xcode 13.0";
			developmentRegion = en;
			hasScannedForEncodings = 0;
			knownRegions = (
				en,
				Base,
			);
			mainGroup = 8B46B917283B371D0094DA17;
			productRefGroup = 8B46B921283B371D0094DA17 /* Products */;
			projectDirPath = "";
			projectRoot = "";
			targets = (
				8B46B91F283B371D0094DA17 /* Spotify_Clone */,
				8B46B92F283B371E0094DA17 /* Spotify_CloneTests */,
				8B46B939283B371E0094DA17 /* Spotify_CloneUITests */,
			);
		};
/* End PBXProject section */

/* Begin PBXResourcesBuildPhase section */
		8B46B91E283B371D0094DA17 /* Resources */ = {
			isa = PBXResourcesBuildPhase;
			buildActionMask = 2147483647;
			files = (
				8B46B92B283B371D0094DA17 /* Preview Assets.xcassets in Resources */,
				8B46B928283B371D0094DA17 /* Assets.xcassets in Resources */,
			);
			runOnlyForDeploymentPostprocessing = 0;
		};
		8B46B92E283B371E0094DA17 /* Resources */ = {
			isa = PBXResourcesBuildPhase;
			buildActionMask = 2147483647;
			files = (
			);
			runOnlyForDeploymentPostprocessing = 0;
		};
		8B46B938283B371E0094DA17 /* Resources */ = {
			isa = PBXResourcesBuildPhase;
			buildActionMask = 2147483647;
			files = (
			);
			runOnlyForDeploymentPostprocessing = 0;
		};
/* End PBXResourcesBuildPhase section */

/* Begin PBXSourcesBuildPhase section */
		8B46B91C283B371D0094DA17 /* Sources */ = {
			isa = PBXSourcesBuildPhase;
			buildActionMask = 2147483647;
			files = (
				8B46B94E283B39CF0094DA17 /* TabBar.swift in Sources */,
				8B46B926283B371D0094DA17 /* ContentView.swift in Sources */,
				8B46B924283B371D0094DA17 /* Spotify_CloneApp.swift in Sources */,
			);
			runOnlyForDeploymentPostprocessing = 0;
		};
		8B46B92C283B371E0094DA17 /* Sources */ = {
			isa = PBXSourcesBuildPhase;
			buildActionMask = 2147483647;
			files = (
				8B46B935283B371E0094DA17 /* Spotify_CloneTests.swift in Sources */,
			);
			runOnlyForDeploymentPostprocessing = 0;
		};
		8B46B936283B371E0094DA17 /* Sources */ = {
			isa = PBXSourcesBuildPhase;
			buildActionMask = 2147483647;
			files = (
				8B46B93F283B371E0094DA17 /* Spotify_CloneUITests.swift in Sources */,
				8B46B941283B371E0094DA17 /* Spotify_CloneUITestsLaunchTests.swift in Sources */,
			);
			runOnlyForDeploymentPostprocessing = 0;
		};
/* End PBXSourcesBuildPhase section */

/* Begin PBXTargetDependency section */
		8B46B932283B371E0094DA17 /* PBXTargetDependency */ = {
			isa = PBXTargetDependency;
			target = 8B46B91F283B371D0094DA17 /* Spotify_Clone */;
			targetProxy = 8B46B931283B371E0094DA17 /* PBXContainerItemProxy */;
		};
		8B46B93C283B371E0094DA17 /* PBXTargetDependency */ = {
			isa = PBXTargetDependency;
			target = 8B46B91F283B371D0094DA17 /* Spotify_Clone */;
			targetProxy = 8B46B93B283B371E0094DA17 /* PBXContainerItemProxy */;
		};
/* End PBXTargetDependency section */

/* Begin XCBuildConfiguration section */
		8B46B942283B371E0094DA17 /* Debug */ = {
			isa = XCBuildConfiguration;
			buildSettings = {
				ALWAYS_SEARCH_USER_PATHS = NO;
				CLANG_ANALYZER_NONNULL = YES;
				CLANG_ANALYZER_NUMBER_OBJECT_CONVERSION = YES_AGGRESSIVE;
				CLANG_CXX_LANGUAGE_STANDARD = "gnu++17";
				CLANG_ENABLE_MODULES = YES;
				CLANG_ENABLE_OBJC_ARC = YES;
				CLANG_ENABLE_OBJC_WEAK = YES;
				CLANG_WARN_BLOCK_CAPTURE_AUTORELEASING = YES;
				CLANG_WARN_BOOL_CONVERSION = YES;
				CLANG_WARN_COMMA = YES;
				CLANG_WARN_CONSTANT_CONVERSION = YES;
				CLANG_WARN_DEPRECATED_OBJC_IMPLEMENTATIONS = YES;
				CLANG_WARN_DIRECT_OBJC_ISA_USAGE = YES_ERROR;
				CLANG_WARN_DOCUMENTATION_COMMENTS = YES;
				CLANG_WARN_EMPTY_BODY = YES;
				CLANG_WARN_ENUM_CONVERSION = YES;
				CLANG_WARN_INFINITE_RECURSION = YES;
				CLANG_WARN_INT_CONVERSION = YES;
				CLANG_WARN_NON_LITERAL_NULL_CONVERSION = YES;
				CLANG_WARN_OBJC_IMPLICIT_RETAIN_SELF = YES;
				CLANG_WARN_OBJC_LITERAL_CONVERSION = YES;
				CLANG_WARN_OBJC_ROOT_CLASS = YES_ERROR;
				CLANG_WARN_QUOTED_INCLUDE_IN_FRAMEWORK_HEADER = YES;
				CLANG_WARN_RANGE_LOOP_ANALYSIS = YES;
				CLANG_WARN_STRICT_PROTOTYPES = YES;
				CLANG_WARN_SUSPICIOUS_MOVE = YES;
				CLANG_WARN_UNGUARDED_AVAILABILITY = YES_AGGRESSIVE;
				CLANG_WARN_UNREACHABLE_CODE = YES;
				CLANG_WARN__DUPLICATE_METHOD_MATCH = YES;
				COPY_PHASE_STRIP = NO;
				DEBUG_INFORMATION_FORMAT = dwarf;
				ENABLE_STRICT_OBJC_MSGSEND = YES;
				ENABLE_TESTABILITY = YES;
				GCC_C_LANGUAGE_STANDARD = gnu11;
				GCC_DYNAMIC_NO_PIC = NO;
				GCC_NO_COMMON_BLOCKS = YES;
				GCC_OPTIMIZATION_LEVEL = 0;
				GCC_PREPROCESSOR_DEFINITIONS = (
					"DEBUG=1",
					"$(inherited)",
				);
				GCC_WARN_64_TO_32_BIT_CONVERSION = YES;
				GCC_WARN_ABOUT_RETURN_TYPE = YES_ERROR;
				GCC_WARN_UNDECLARED_SELECTOR = YES;
				GCC_WARN_UNINITIALIZED_AUTOS = YES_AGGRESSIVE;
				GCC_WARN_UNUSED_FUNCTION = YES;
				GCC_WARN_UNUSED_VARIABLE = YES;
				IPHONEOS_DEPLOYMENT_TARGET = 15.4;
				MTL_ENABLE_DEBUG_INFO = INCLUDE_SOURCE;
				MTL_FAST_MATH = YES;
				ONLY_ACTIVE_ARCH = YES;
				SDKROOT = iphoneos;
				SWIFT_ACTIVE_COMPILATION_CONDITIONS = DEBUG;
				SWIFT_OPTIMIZATION_LEVEL = "-Onone";
			};
			name = Debug;
		};
		8B46B943283B371E0094DA17 /* Release */ = {
			isa = XCBuildConfiguration;
			buildSettings = {
				ALWAYS_SEARCH_USER_PATHS = NO;
				CLANG_ANALYZER_NONNULL = YES;
				CLANG_ANALYZER_NUMBER_OBJECT_CONVERSION = YES_AGGRESSIVE;
				CLANG_CXX_LANGUAGE_STANDARD = "gnu++17";
				CLANG_ENABLE_MODULES = YES;
				CLANG_ENABLE_OBJC_ARC = YES;
				CLANG_ENABLE_OBJC_WEAK = YES;
				CLANG_WARN_BLOCK_CAPTURE_AUTORELEASING = YES;
				CLANG_WARN_BOOL_CONVERSION = YES;
				CLANG_WARN_COMMA = YES;
				CLANG_WARN_CONSTANT_CONVERSION = YES;
				CLANG_WARN_DEPRECATED_OBJC_IMPLEMENTATIONS = YES;
				CLANG_WARN_DIRECT_OBJC_ISA_USAGE = YES_ERROR;
				CLANG_WARN_DOCUMENTATION_COMMENTS = YES;
				CLANG_WARN_EMPTY_BODY = YES;
				CLANG_WARN_ENUM_CONVERSION = YES;
				CLANG_WARN_INFINITE_RECURSION = YES;
				CLANG_WARN_INT_CONVERSION = YES;
				CLANG_WARN_NON_LITERAL_NULL_CONVERSION = YES;
				CLANG_WARN_OBJC_IMPLICIT_RETAIN_SELF = YES;
				CLANG_WARN_OBJC_LITERAL_CONVERSION = YES;
				CLANG_WARN_OBJC_ROOT_CLASS = YES_ERROR;
				CLANG_WARN_QUOTED_INCLUDE_IN_FRAMEWORK_HEADER = YES;
				CLANG_WARN_RANGE_LOOP_ANALYSIS = YES;
				CLANG_WARN_STRICT_PROTOTYPES = YES;
				CLANG_WARN_SUSPICIOUS_MOVE = YES;
				CLANG_WARN_UNGUARDED_AVAILABILITY = YES_AGGRESSIVE;
				CLANG_WARN_UNREACHABLE_CODE = YES;
				CLANG_WARN__DUPLICATE_METHOD_MATCH = YES;
				COPY_PHASE_STRIP = NO;
				DEBUG_INFORMATION_FORMAT = "dwarf-with-dsym";
				ENABLE_NS_ASSERTIONS = NO;
				ENABLE_STRICT_OBJC_MSGSEND = YES;
				GCC_C_LANGUAGE_STANDARD = gnu11;
				GCC_NO_COMMON_BLOCKS = YES;
				GCC_WARN_64_TO_32_BIT_CONVERSION = YES;
				GCC_WARN_ABOUT_RETURN_TYPE = YES_ERROR;
				GCC_WARN_UNDECLARED_SELECTOR = YES;
				GCC_WARN_UNINITIALIZED_AUTOS = YES_AGGRESSIVE;
				GCC_WARN_UNUSED_FUNCTION = YES;
				GCC_WARN_UNUSED_VARIABLE = YES;
				IPHONEOS_DEPLOYMENT_TARGET = 15.4;
				MTL_ENABLE_DEBUG_INFO = NO;
				MTL_FAST_MATH = YES;
				SDKROOT = iphoneos;
				SWIFT_COMPILATION_MODE = wholemodule;
				SWIFT_OPTIMIZATION_LEVEL = "-O";
				VALIDATE_PRODUCT = YES;
			};
			name = Release;
		};
		8B46B945283B371E0094DA17 /* Debug */ = {
			isa = XCBuildConfiguration;
			buildSettings = {
				ASSETCATALOG_COMPILER_APPICON_NAME = AppIcon;
				ASSETCATALOG_COMPILER_GLOBAL_ACCENT_COLOR_NAME = AccentColor;
				CODE_SIGN_STYLE = Automatic;
				CURRENT_PROJECT_VERSION = 1;
				DEVELOPMENT_ASSET_PATHS = "\"Spotify_Clone/Preview Content\"";
				DEVELOPMENT_TEAM = V8U96P27D9;
				ENABLE_PREVIEWS = YES;
				GENERATE_INFOPLIST_FILE = YES;
				INFOPLIST_KEY_UIApplicationSceneManifest_Generation = YES;
				INFOPLIST_KEY_UIApplicationSupportsIndirectInputEvents = YES;
				INFOPLIST_KEY_UILaunchScreen_Generation = YES;
				INFOPLIST_KEY_UISupportedInterfaceOrientations_iPad = "UIInterfaceOrientationPortrait UIInterfaceOrientationPortraitUpsideDown UIInterfaceOrientationLandscapeLeft UIInterfaceOrientationLandscapeRight";
				INFOPLIST_KEY_UISupportedInterfaceOrientations_iPhone = "UIInterfaceOrientationPortrait UIInterfaceOrientationLandscapeLeft UIInterfaceOrientationLandscapeRight";
				LD_RUNPATH_SEARCH_PATHS = (
					"$(inherited)",
					"@executable_path/Frameworks",
				);
				MARKETING_VERSION = 1.0;
				PRODUCT_BUNDLE_IDENTIFIER = "com.jun.Spotify-Clone";
				PRODUCT_NAME = "$(TARGET_NAME)";
				SWIFT_EMIT_LOC_STRINGS = YES;
				SWIFT_VERSION = 5.0;
				TARGETED_DEVICE_FAMILY = "1,2";
			};
			name = Debug;
		};
		8B46B946283B371E0094DA17 /* Release */ = {
			isa = XCBuildConfiguration;
			buildSettings = {
				ASSETCATALOG_COMPILER_APPICON_NAME = AppIcon;
				ASSETCATALOG_COMPILER_GLOBAL_ACCENT_COLOR_NAME = AccentColor;
				CODE_SIGN_STYLE = Automatic;
				CURRENT_PROJECT_VERSION = 1;
				DEVELOPMENT_ASSET_PATHS = "\"Spotify_Clone/Preview Content\"";
				DEVELOPMENT_TEAM = V8U96P27D9;
				ENABLE_PREVIEWS = YES;
				GENERATE_INFOPLIST_FILE = YES;
				INFOPLIST_KEY_UIApplicationSceneManifest_Generation = YES;
				INFOPLIST_KEY_UIApplicationSupportsIndirectInputEvents = YES;
				INFOPLIST_KEY_UILaunchScreen_Generation = YES;
				INFOPLIST_KEY_UISupportedInterfaceOrientations_iPad = "UIInterfaceOrientationPortrait UIInterfaceOrientationPortraitUpsideDown UIInterfaceOrientationLandscapeLeft UIInterfaceOrientationLandscapeRight";
				INFOPLIST_KEY_UISupportedInterfaceOrientations_iPhone = "UIInterfaceOrientationPortrait UIInterfaceOrientationLandscapeLeft UIInterfaceOrientationLandscapeRight";
				LD_RUNPATH_SEARCH_PATHS = (
					"$(inherited)",
					"@executable_path/Frameworks",
				);
				MARKETING_VERSION = 1.0;
				PRODUCT_BUNDLE_IDENTIFIER = "com.jun.Spotify-Clone";
				PRODUCT_NAME = "$(TARGET_NAME)";
				SWIFT_EMIT_LOC_STRINGS = YES;
				SWIFT_VERSION = 5.0;
				TARGETED_DEVICE_FAMILY = "1,2";
			};
			name = Release;
		};
		8B46B948283B371E0094DA17 /* Debug */ = {
			isa = XCBuildConfiguration;
			buildSettings = {
				ALWAYS_EMBED_SWIFT_STANDARD_LIBRARIES = YES;
				BUNDLE_LOADER = "$(TEST_HOST)";
				CODE_SIGN_STYLE = Automatic;
				CURRENT_PROJECT_VERSION = 1;
				DEVELOPMENT_TEAM = V8U96P27D9;
				GENERATE_INFOPLIST_FILE = YES;
				IPHONEOS_DEPLOYMENT_TARGET = 15.4;
				MARKETING_VERSION = 1.0;
				PRODUCT_BUNDLE_IDENTIFIER = "com.jun.Spotify-CloneTests";
				PRODUCT_NAME = "$(TARGET_NAME)";
				SWIFT_EMIT_LOC_STRINGS = NO;
				SWIFT_VERSION = 5.0;
				TARGETED_DEVICE_FAMILY = "1,2";
				TEST_HOST = "$(BUILT_PRODUCTS_DIR)/Spotify_Clone.app/Spotify_Clone";
			};
			name = Debug;
		};
		8B46B949283B371E0094DA17 /* Release */ = {
			isa = XCBuildConfiguration;
			buildSettings = {
				ALWAYS_EMBED_SWIFT_STANDARD_LIBRARIES = YES;
				BUNDLE_LOADER = "$(TEST_HOST)";
				CODE_SIGN_STYLE = Automatic;
				CURRENT_PROJECT_VERSION = 1;
				DEVELOPMENT_TEAM = V8U96P27D9;
				GENERATE_INFOPLIST_FILE = YES;
				IPHONEOS_DEPLOYMENT_TARGET = 15.4;
				MARKETING_VERSION = 1.0;
				PRODUCT_BUNDLE_IDENTIFIER = "com.jun.Spotify-CloneTests";
				PRODUCT_NAME = "$(TARGET_NAME)";
				SWIFT_EMIT_LOC_STRINGS = NO;
				SWIFT_VERSION = 5.0;
				TARGETED_DEVICE_FAMILY = "1,2";
				TEST_HOST = "$(BUILT_PRODUCTS_DIR)/Spotify_Clone.app/Spotify_Clone";
			};
			name = Release;
		};
		8B46B94B283B371E0094DA17 /* Debug */ = {
			isa = XCBuildConfiguration;
			buildSettings = {
				ALWAYS_EMBED_SWIFT_STANDARD_LIBRARIES = YES;
				CODE_SIGN_STYLE = Automatic;
				CURRENT_PROJECT_VERSION = 1;
				DEVELOPMENT_TEAM = V8U96P27D9;
				GENERATE_INFOPLIST_FILE = YES;
				MARKETING_VERSION = 1.0;
				PRODUCT_BUNDLE_IDENTIFIER = "com.jun.Spotify-CloneUITests";
				PRODUCT_NAME = "$(TARGET_NAME)";
				SWIFT_EMIT_LOC_STRINGS = NO;
				SWIFT_VERSION = 5.0;
				TARGETED_DEVICE_FAMILY = "1,2";
				TEST_TARGET_NAME = Spotify_Clone;
			};
			name = Debug;
		};
		8B46B94C283B371E0094DA17 /* Release */ = {
			isa = XCBuildConfiguration;
			buildSettings = {
				ALWAYS_EMBED_SWIFT_STANDARD_LIBRARIES = YES;
				CODE_SIGN_STYLE = Automatic;
				CURRENT_PROJECT_VERSION = 1;
				DEVELOPMENT_TEAM = V8U96P27D9;
				GENERATE_INFOPLIST_FILE = YES;
				MARKETING_VERSION = 1.0;
				PRODUCT_BUNDLE_IDENTIFIER = "com.jun.Spotify-CloneUITests";
				PRODUCT_NAME = "$(TARGET_NAME)";
				SWIFT_EMIT_LOC_STRINGS = NO;
				SWIFT_VERSION = 5.0;
				TARGETED_DEVICE_FAMILY = "1,2";
				TEST_TARGET_NAME = Spotify_Clone;
			};
			name = Release;
		};
/* End XCBuildConfiguration section */

/* Begin XCConfigurationList section */
		8B46B91B283B371D0094DA17 /* Build configuration list for PBXProject "Spotify_Clone" */ = {
			isa = XCConfigurationList;
			buildConfigurations = (
				8B46B942283B371E0094DA17 /* Debug */,
				8B46B943283B371E0094DA17 /* Release */,
			);
			defaultConfigurationIsVisible = 0;
			defaultConfigurationName = Release;
		};
		8B46B944283B371E0094DA17 /* Build configuration list for PBXNativeTarget "Spotify_Clone" */ = {
			isa = XCConfigurationList;
			buildConfigurations = (
				8B46B945283B371E0094DA17 /* Debug */,
				8B46B946283B371E0094DA17 /* Release */,
			);
			defaultConfigurationIsVisible = 0;
			defaultConfigurationName = Release;
		};
		8B46B947283B371E0094DA17 /* Build configuration list for PBXNativeTarget "Spotify_CloneTests" */ = {
			isa = XCConfigurationList;
			buildConfigurations = (
				8B46B948283B371E0094DA17 /* Debug */,
				8B46B949283B371E0094DA17 /* Release */,
			);
			defaultConfigurationIsVisible = 0;
			defaultConfigurationName = Release;
		};
		8B46B94A283B371E0094DA17 /* Build configuration list for PBXNativeTarget "Spotify_CloneUITests" */ = {
			isa = XCConfigurationList;
			buildConfigurations = (
				8B46B94B283B371E0094DA17 /* Debug */,
				8B46B94C283B371E0094DA17 /* Release */,
			);
			defaultConfigurationIsVisible = 0;
			defaultConfigurationName = Release;
		};
/* End XCConfigurationList section */
	};
	rootObject = 8B46B918283B371D0094DA17 /* Project object */;
}
